
Microsoft Visual Studio Solution File, Format Version 12.00
# 
Project("{2150E333-8FDC-42A3-9474-1A3956D46DE8}") = "Backend", "Backend", "{641CBACB-A0D7-4613-9CB6-DA9FF0F35A06}"
EndProject
Project("{FAE04EC0-301F-11D3-BF4B-00C04F79EFBC}") = "BowlsLive.Api", "Backend\BowlsLive.Api\BowlsLive.Api.csproj", "{929EA47C-88E5-47D1-B303-57ECD71BFB54}"
EndProject
Project("{FAE04EC0-301F-11D3-BF4B-00C04F79EFBC}") = "BowlsLive.Application", "Backend\BowlsLive.Application\BowlsLive.Application.csproj", "{ED7699F3-B3E9-44E8-BCC4-BCDC4884B7F3}"
EndProject
Project("{FAE04EC0-301F-11D3-BF4B-00C04F79EFBC}") = "BowlsLive.Domain", "Backend\BowlsLive.Domain\BowlsLive.Domain.csproj", "{228C953D-F216-4E6C-BEA8-0E857FBED1E9}"
EndProject
Project("{FAE04EC0-301F-11D3-BF4B-00C04F79EFBC}") = "BowlsLive.Infrastructure", "Backend\BowlsLive.Infrastructure\BowlsLive.Infrastructure.csproj", "{7EFE27D6-F459-42DB-9AC8-42BDC64111DB}"
EndProject
Project("{FAE04EC0-301F-11D3-BF4B-00C04F79EFBC}") = "BowlsLive.Persistence", "Backend\BowlsLive.Persistence\BowlsLive.Persistence.csproj", "{46A09C40-EDD6-47E3-9765-E3D006F8187C}"
EndProject
Global
	GlobalSection(SolutionConfigurationPlatforms) = preSolution
		Debug|Any CPU = Debug|Any CPU
		Debug|x64 = Debug|x64
		Debug|x86 = Debug|x86
		Release|Any CPU = Release|Any CPU
		Release|x64 = Release|x64
		Release|x86 = Release|x86
	EndGlobalSection
	GlobalSection(ProjectConfigurationPlatforms) = postSolution
		{929EA47C-88E5-47D1-B303-57ECD71BFB54}.Debug|Any CPU.ActiveCfg = Debug|Any CPU
		{929EA47C-88E5-47D1-B303-57ECD71BFB54}.Debug|Any CPU.Build.0 = Debug|Any CPU
		{929EA47C-88E5-47D1-B303-57ECD71BFB54}.Debug|x64.ActiveCfg = Debug|Any CPU
		{929EA47C-88E5-47D1-B303-57ECD71BFB54}.Debug|x64.Build.0 = Debug|Any CPU
		{929EA47C-88E5-47D1-B303-57ECD71BFB54}.Debug|x86.ActiveCfg = Debug|Any CPU
		{929EA47C-88E5-47D1-B303-57ECD71BFB54}.Debug|x86.Build.0 = Debug|Any CPU
		{929EA47C-88E5-47D1-B303-57ECD71BFB54}.Release|Any CPU.ActiveCfg = Release|Any CPU
		{929EA47C-88E5-47D1-B303-57ECD71BFB54}.Release|Any CPU.Build.0 = Release|Any CPU
		{929EA47C-88E5-47D1-B303-57ECD71BFB54}.Release|x64.ActiveCfg = Release|Any CPU
		{929EA47C-88E5-47D1-B303-57ECD71BFB54}.Release|x64.Build.0 = Release|Any CPU
		{929EA47C-88E5-47D1-B303-57ECD71BFB54}.Release|x86.ActiveCfg = Release|Any CPU
		{929EA47C-88E5-47D1-B303-57ECD71BFB54}.Release|x86.Build.0 = Release|Any CPU
		{ED7699F3-B3E9-44E8-BCC4-BCDC4884B7F3}.Debug|Any CPU.ActiveCfg = Debug|Any CPU
		{ED7699F3-B3E9-44E8-BCC4-BCDC4884B7F3}.Debug|Any CPU.Build.0 = Debug|Any CPU
		{ED7699F3-B3E9-44E8-BCC4-BCDC4884B7F3}.Debug|x64.ActiveCfg = Debug|Any CPU
		{ED7699F3-B3E9-44E8-BCC4-BCDC4884B7F3}.Debug|x64.Build.0 = Debug|Any CPU
		{ED7699F3-B3E9-44E8-BCC4-BCDC4884B7F3}.Debug|x86.ActiveCfg = Debug|Any CPU
		{ED7699F3-B3E9-44E8-BCC4-BCDC4884B7F3}.Debug|x86.Build.0 = Debug|Any CPU
		{ED7699F3-B3E9-44E8-BCC4-BCDC4884B7F3}.Release|Any CPU.ActiveCfg = Release|Any CPU
		{ED7699F3-B3E9-44E8-BCC4-BCDC4884B7F3}.Release|Any CPU.Build.0 = Release|Any CPU
		{ED7699F3-B3E9-44E8-BCC4-BCDC4884B7F3}.Release|x64.ActiveCfg = Release|Any CPU
		{ED7699F3-B3E9-44E8-BCC4-BCDC4884B7F3}.Release|x64.Build.0 = Release|Any CPU
		{ED7699F3-B3E9-44E8-BCC4-BCDC4884B7F3}.Release|x86.ActiveCfg = Release|Any CPU
		{ED7699F3-B3E9-44E8-BCC4-BCDC4884B7F3}.Release|x86.Build.0 = Release|Any CPU
		{228C953D-F216-4E6C-BEA8-0E857FBED1E9}.Debug|Any CPU.ActiveCfg = Debug|Any CPU
		{228C953D-F216-4E6C-BEA8-0E857FBED1E9}.Debug|Any CPU.Build.0 = Debug|Any CPU
		{228C953D-F216-4E6C-BEA8-0E857FBED1E9}.Debug|x64.ActiveCfg = Debug|Any CPU
		{228C953D-F216-4E6C-BEA8-0E857FBED1E9}.Debug|x64.Build.0 = Debug|Any CPU
		{228C953D-F216-4E6C-BEA8-0E857FBED1E9}.Debug|x86.ActiveCfg = Debug|Any CPU
		{228C953D-F216-4E6C-BEA8-0E857FBED1E9}.Debug|x86.Build.0 = Debug|Any CPU
		{228C953D-F216-4E6C-BEA8-0E857FBED1E9}.Release|Any CPU.ActiveCfg = Release|Any CPU
		{228C953D-F216-4E6C-BEA8-0E857FBED1E9}.Release|Any CPU.Build.0 = Release|Any CPU
		{228C953D-F216-4E6C-BEA8-0E857FBED1E9}.Release|x64.ActiveCfg = Release|Any CPU
		{228C953D-F216-4E6C-BEA8-0E857FBED1E9}.Release|x64.Build.0 = Release|Any CPU
		{228C953D-F216-4E6C-BEA8-0E857FBED1E9}.Release|x86.ActiveCfg = Release|Any CPU
		{228C953D-F216-4E6C-BEA8-0E857FBED1E9}.Release|x86.Build.0 = Release|Any CPU
		{7EFE27D6-F459-42DB-9AC8-42BDC64111DB}.Debug|Any CPU.ActiveCfg = Debug|Any CPU
		{7EFE27D6-F459-42DB-9AC8-42BDC64111DB}.Debug|Any CPU.Build.0 = Debug|Any CPU
		{7EFE27D6-F459-42DB-9AC8-42BDC64111DB}.Debug|x64.ActiveCfg = Debug|Any CPU
		{7EFE27D6-F459-42DB-9AC8-42BDC64111DB}.Debug|x64.Build.0 = Debug|Any CPU
		{7EFE27D6-F459-42DB-9AC8-42BDC64111DB}.Debug|x86.ActiveCfg = Debug|Any CPU
		{7EFE27D6-F459-42DB-9AC8-42BDC64111DB}.Debug|x86.Build.0 = Debug|Any CPU
		{7EFE27D6-F459-42DB-9AC8-42BDC64111DB}.Release|Any CPU.ActiveCfg = Release|Any CPU
		{7EFE27D6-F459-42DB-9AC8-42BDC64111DB}.Release|Any CPU.Build.0 = Release|Any CPU
		{7EFE27D6-F459-42DB-9AC8-42BDC64111DB}.Release|x64.ActiveCfg = Release|Any CPU
		{7EFE27D6-F459-42DB-9AC8-42BDC64111DB}.Release|x64.Build.0 = Release|Any CPU
		{7EFE27D6-F459-42DB-9AC8-42BDC64111DB}.Release|x86.ActiveCfg = Release|Any CPU
		{7EFE27D6-F459-42DB-9AC8-42BDC64111DB}.Release|x86.Build.0 = Release|Any CPU
		{46A09C40-EDD6-47E3-9765-E3D006F8187C}.Debug|Any CPU.ActiveCfg = Debug|Any CPU
		{46A09C40-EDD6-47E3-9765-E3D006F8187C}.Debug|Any CPU.Build.0 = Debug|Any CPU
		{46A09C40-EDD6-47E3-9765-E3D006F8187C}.Debug|x64.ActiveCfg = Debug|Any CPU
		{46A09C40-EDD6-47E3-9765-E3D006F8187C}.Debug|x64.Build.0 = Debug|Any CPU
		{46A09C40-EDD6-47E3-9765-E3D006F8187C}.Debug|x86.ActiveCfg = Debug|Any CPU
		{46A09C40-EDD6-47E3-9765-E3D006F8187C}.Debug|x86.Build.0 = Debug|Any CPU
		{46A09C40-EDD6-47E3-9765-E3D006F8187C}.Release|Any CPU.ActiveCfg = Release|Any CPU
		{46A09C40-EDD6-47E3-9765-E3D006F8187C}.Release|Any CPU.Build.0 = Release|Any CPU
		{46A09C40-EDD6-47E3-9765-E3D006F8187C}.Release|x64.ActiveCfg = Release|Any CPU
		{46A09C40-EDD6-47E3-9765-E3D006F8187C}.Release|x64.Build.0 = Release|Any CPU
		{46A09C40-EDD6-47E3-9765-E3D006F8187C}.Release|x86.ActiveCfg = Release|Any CPU
		{46A09C40-EDD6-47E3-9765-E3D006F8187C}.Release|x86.Build.0 = Release|Any CPU
	EndGlobalSection
	GlobalSection(NestedProjects) = preSolution
		{929EA47C-88E5-47D1-B303-57ECD71BFB54} = {641CBACB-A0D7-4613-9CB6-DA9FF0F35A06}
		{ED7699F3-B3E9-44E8-BCC4-BCDC4884B7F3} = {641CBACB-A0D7-4613-9CB6-DA9FF0F35A06}
		{228C953D-F216-4E6C-BEA8-0E857FBED1E9} = {641CBACB-A0D7-4613-9CB6-DA9FF0F35A06}
		{7EFE27D6-F459-42DB-9AC8-42BDC64111DB} = {641CBACB-A0D7-4613-9CB6-DA9FF0F35A06}
		{46A09C40-EDD6-47E3-9765-E3D006F8187C} = {641CBACB-A0D7-4613-9CB6-DA9FF0F35A06}
	EndGlobalSection
EndGlobal
